{
    "userFlow": {
      "homePage": {
        "entryPoint": "Hero Section",
        "navigationMenu": [
          "About Us",
          "Regulations",
          "Compliance Submission",
          "Advertisements",
          "Conferences",
          "Contact Us",
          "Login"
        ],
        "quickLinks": ["Regulations", "Compliance Submission", "Upcoming Conferences"],
        "newsUpdates": "View latest news and announcements",
        "footer": ["Contact Information", "Social Media Links", "Newsletter Subscription"]
      },
      "aboutUsPage": {
        "actions": [
          "View Committee Details",
          "Read History",
          "Explore Mission and Vision"
        ]
      },
      "regulationsPage": {
        "actions": [
          "Search Regulations",
          "Browse Categories",
          "View Regulation Details",
          "Download Documents"
        ]
      },
      "complianceSubmissionPage": {
        "actions": [
          "Read Guidelines",
          "Upload Documents",
          "Track Submission Status"
        ]
      },
      "advertisementsPage": {
        "actions": [
          "Browse Ad Spaces",
          "Interact with Featured Ads"
        ]
      },
      "conferencesPage": {
        "actions": [
          "View Upcoming Events",
          "Explore Past Events",
          "Register for Conferences"
        ]
      },
      "contactUsPage": {
        "actions": [
          "Submit Inquiry via Form",
          "View Contact Details",
          "Locate on Map"
        ]
      },
      "loginPage": {
        "actions": [
          "Log In",
          "Reset Password",
          "Sign Up"
        ]
      }
    }
  }
  